# This file was autogenerated by Stack.
# You should not edit this file by hand.
# For more information, please see the documentation at:
#   https://docs.haskellstack.org/en/stable/topics/lock_files

packages: []
snapshots:
- completed:
    sha256: 6f7930c21d9dd62e60acfce49814bdf393545c0598ca32a452a7e72794505f79
    size: 679675
    url: https://raw.githubusercontent.com/commercialhaskell/stackage-snapshots/master/nightly/2025/4/11.yaml
  original: nightly-2025-04-11
