# This file was autogenerated by Stack.
# You should not edit this file by hand.
# For more information, please see the documentation at:
#   https://docs.haskellstack.org/en/stable/lock_files

packages:
- completed:
    hackage: alex-3.2.7.4@sha256:91f4b0bf2f0eca6966bab39975adc440a9d9929dc8729bf92c95c3296dcb25b9,3771
    pantry-tree:
      sha256: 9c637b3d9d4c85f195ad03aa08ade331c432c817a2498ae5ae0737e751122a96
      size: 4398
  original:
    hackage: alex-3.2.7.4
- completed:
    hackage: happy-1.20.1.1@sha256:a381633c5e8f9e9e5a8e1900930ce13172397b4677fcfcc08cd38eb3f73b61b1,5811
    pantry-tree:
      sha256: a5b8a3cd39ffabdf0deb31483eb97cc2c270083738ceeddff75a894a953f6b92
      size: 8615
  original:
    hackage: happy-1.20.1.1
- completed:
    hackage: utf8-string-1.0.2@sha256:79416292186feeaf1f60e49ac5a1ffae9bf1b120e040a74bf0e81ca7f1d31d3f,1538
    pantry-tree:
      sha256: 0863c3c9b6ee24dd38873c62e38ac46dd50aff2ea6b362beadf7f9b4a273c75f
      size: 601
  original:
    hackage: utf8-string-1.0.2
snapshots:
- completed:
    sha256: 60e54c1ba3c1e7163acf6dafa9d56b2d3b23f88a31ad53a1c9d888f32561f8da
    size: 639819
    url: https://raw.githubusercontent.com/commercialhaskell/stackage-snapshots/master/lts/21/14.yaml
  original: lts-21.14
